[{<<"rebar_vsn_plugin">>,
  {git,"https://github.com/erlware/rebar_vsn_plugin.git",
       {ref,"fd40c960c7912193631d948fe962e1162a8d1334"}},
  1},
 {<<"gproc">>,
  {git,"https://github.com/uwiger/gproc.git",
       {ref,"e0122ae1e88e7922534341e43f3726bd48154106"}},
  1},
 {<<"goldrush">>,
  {git,"git://github.com/DeadZen/goldrush.git",
       {ref,"71e63212f12c25827e0c1b4198d37d5d018a7fec"}},
  1},
 {<<"pgsql">>,
  {git,"https://github.com/joshragem/pgsql.git",
       {ref,"01edbe80b2142394d80159c6391369d85f204cea"}},
  0},
 {<<"lager">>,
  {git,"https://github.com/basho/lager.git",
       {ref,"d33ccf3b69de09a628fe38b4d7981bb8671b8a4f"}},
  0},
 {<<"episcina">>,
  {git,"https://github.com/waisbrot/episcina.git",
       {ref,"b2aae32cf3d5afbc6f831bbd67f38da14992fbd7"}},
  0}].
