[{<<"goldrush">>,{pkg,<<"goldrush">>,<<"0.1.6">>},1},
 {<<"lager">>,{pkg,<<"lager">>,<<"2.1.1">>},0},
 {<<"rebar_vsn_plugin">>,
  {git,"https://github.com/erlware/rebar_vsn_plugin.git",
       {ref,"fd40c960c7912193631d948fe962e1162a8d1334"}},
  1},
 {<<"gproc">>,
  {git,"https://github.com/uwiger/gproc.git",
       {ref,"e0122ae1e88e7922534341e43f3726bd48154106"}},
  1},
 {<<"pgsql">>,
  {git,"https://github.com/semiocast/pgsql.git",
       {ref,"01edbe80b2142394d80159c6391369d85f204cea"}},
  0},
 {<<"episcina">>,
  {git,"https://github.com/erlware/episcina.git",
       {ref,"0d440de23a2d545989c8fd2947771f3f23277a7e"}},
  0}].
