[{<<"episcina">>,{pkg,<<"episcina">>,<<"1.1.0">>},0},
 {<<"eunit_formatters">>,
  {git,"https://github.com/seancribbs/eunit_formatters.git",
       {ref,"35e3e6ab2db48af776a1a21bba6f1461c97caacb"}},
  1},
 {<<"goldrush">>,{pkg,<<"goldrush">>,<<"0.1.7">>},1},
 {<<"gproc">>,{pkg,<<"gproc">>,<<"0.3.1">>},1},
 {<<"influx_udp">>,
  {git,"https://github.com/waisbrot/influx_udp.git",
       {ref,"3b0149ac11ebce1326b94f8e0dbb50793dfe992c"}},
  0},
 {<<"lager">>,{pkg,<<"lager">>,<<"2.1.1">>},0},
 {<<"pgsql">>,
  {git,"https://github.com/semiocast/pgsql.git",
       {ref,"e40786b5c3e76dcfe502cbad702ed1b5e50b616e"}},
  0},
 {<<"poolboy">>,
  {git,"https://github.com/devinus/poolboy.git",
       {ref,"3bb48a893ff5598f7c73731ac17545206d259fac"}},
  1},
 {<<"ulitos">>,
  {git,"https://github.com/palkan/ulitos.git",
       {ref,"0843ee905acc1c87f80e92de44e66fc40d197383"}},
  1}].
